github.com/golang/geo v0.0.0-20260302211937-87f5a40ea07a h1:7f/cr+n7Jtd7mzCLrx47sdVIGabpSSxCHrf6fJczDp0=
github.com/golang/geo v0.0.0-20260302211937-87f5a40ea07a/go.mod h1:Mymr9kRGDc64JPr03TSZmuIBODZ3KyswLzm1xL0HFA8=
github.com/google/go-cmp v0.7.0 h1:wk8382ETsv4JYUZwIsn6YpYiWiBsYLSJiTsyBybVuN8=
github.com/google/go-cmp v0.7.0/go.mod h1:pXiqmnSA92OHEEa9HXL2W4E7lf9JzCmGVUdgjX3N/iU=
